
Microsoft Visual Studio Solution File, Format Version 12.00
# Visual Studio Version 17
VisualStudioVersion = 17.1.32328.378
MinimumVisualStudioVersion = 10.0.40219.1
Project("{FAE04EC0-301F-11D3-BF4B-00C04F79EFBC}") = "WebApplication1", "WebApplication1\WebApplication1.csproj", "{5D3D5DEA-6CB8-428C-A6D3-FA0624506A54}"
EndProject
Global
	GlobalSection(SolutionConfigurationPlatforms) = preSolution
		Debug|Any CPU = Debug|Any CPU
		Release|Any CPU = Release|Any CPU
	EndGlobalSection
	GlobalSection(ProjectConfigurationPlatforms) = postSolution
		{5D3D5DEA-6CB8-428C-A6D3-FA0624506A54}.Debug|Any CPU.ActiveCfg = Debug|Any CPU
		{5D3D5DEA-6CB8-428C-A6D3-FA0624506A54}.Debug|Any CPU.Build.0 = Debug|Any CPU
		{5D3D5DEA-6CB8-428C-A6D3-FA0624506A54}.Release|Any CPU.ActiveCfg = Release|Any CPU
		{5D3D5DEA-6CB8-428C-A6D3-FA0624506A54}.Release|Any CPU.Build.0 = Release|Any CPU
	EndGlobalSection
	GlobalSection(SolutionProperties) = preSolution
		HideSolutionNode = FALSE
	EndGlobalSection
	GlobalSection(ExtensibilityGlobals) = postSolution
		SolutionGuid = {4DE857B1-9AFD-4FED-A1D5-7EED232BE3EF}
	EndGlobalSection
EndGlobal
